
Microsoft Visual Studio Solution File, Format Version 11.00
# Visual Studio 2010
Project("{FAE04EC0-301F-11D3-BF4B-00C04F79EFBC}") = "Assembly-CSharp", "Assembly-CSharp.csproj", "{3A2767E3-ADFC-31C4-5617-410BF017396E}"
EndProject
Project("{FAE04EC0-301F-11D3-BF4B-00C04F79EFBC}") = "Assembly-CSharp-firstpass", "Assembly-CSharp-firstpass.csproj", "{96DD8915-C2A9-FD64-05DF-5B9A0D30397C}"
EndProject
Project("{FAE04EC0-301F-11D3-BF4B-00C04F79EFBC}") = "Assembly-CSharp-Editor-firstpass", "Assembly-CSharp-Editor-firstpass.csproj", "{171F7855-B9D2-6768-F464-BC3F7E110A46}"
EndProject
Project("{FAE04EC0-301F-11D3-BF4B-00C04F79EFBC}") = "Assembly-CSharp-Editor", "Assembly-CSharp-Editor.csproj", "{3BBBB0D8-4830-8211-23CB-3E8658191C95}"
EndProject
Global
	GlobalSection(SolutionConfigurationPlatforms) = preSolution
		Debug|Any CPU = Debug|Any CPU
		Release|Any CPU = Release|Any CPU
	EndGlobalSection
	GlobalSection(ProjectConfigurationPlatforms) = postSolution
		{3A2767E3-ADFC-31C4-5617-410BF017396E}.Debug|Any CPU.ActiveCfg = Debug|Any CPU
		{3A2767E3-ADFC-31C4-5617-410BF017396E}.Debug|Any CPU.Build.0 = Debug|Any CPU
		{3A2767E3-ADFC-31C4-5617-410BF017396E}.Release|Any CPU.ActiveCfg = Release|Any CPU
		{3A2767E3-ADFC-31C4-5617-410BF017396E}.Release|Any CPU.Build.0 = Release|Any CPU
		{96DD8915-C2A9-FD64-05DF-5B9A0D30397C}.Debug|Any CPU.ActiveCfg = Debug|Any CPU
		{96DD8915-C2A9-FD64-05DF-5B9A0D30397C}.Debug|Any CPU.Build.0 = Debug|Any CPU
		{96DD8915-C2A9-FD64-05DF-5B9A0D30397C}.Release|Any CPU.ActiveCfg = Release|Any CPU
		{96DD8915-C2A9-FD64-05DF-5B9A0D30397C}.Release|Any CPU.Build.0 = Release|Any CPU
		{171F7855-B9D2-6768-F464-BC3F7E110A46}.Debug|Any CPU.ActiveCfg = Debug|Any CPU
		{171F7855-B9D2-6768-F464-BC3F7E110A46}.Debug|Any CPU.Build.0 = Debug|Any CPU
		{171F7855-B9D2-6768-F464-BC3F7E110A46}.Release|Any CPU.ActiveCfg = Release|Any CPU
		{171F7855-B9D2-6768-F464-BC3F7E110A46}.Release|Any CPU.Build.0 = Release|Any CPU
		{3BBBB0D8-4830-8211-23CB-3E8658191C95}.Debug|Any CPU.ActiveCfg = Debug|Any CPU
		{3BBBB0D8-4830-8211-23CB-3E8658191C95}.Debug|Any CPU.Build.0 = Debug|Any CPU
		{3BBBB0D8-4830-8211-23CB-3E8658191C95}.Release|Any CPU.ActiveCfg = Release|Any CPU
		{3BBBB0D8-4830-8211-23CB-3E8658191C95}.Release|Any CPU.Build.0 = Release|Any CPU
	EndGlobalSection
	GlobalSection(SolutionProperties) = preSolution
		HideSolutionNode = FALSE
	EndGlobalSection
	GlobalSection(MonoDevelopProperties) = preSolution
		StartupItem = Assembly-CSharp.csproj
	EndGlobalSection
EndGlobal
